
Microsoft Visual Studio Solution File, Format Version 12.00
# Visual Studio 2012
Project("{FAE04EC0-301F-11D3-BF4B-00C04F79EFBC}") = "AlgorithmsAssessment2", "AlgorithmsAssessment2\AlgorithmsAssessment2.csproj", "{EBB9C35C-45C8-4F32-9391-4213752B34A0}"
EndProject
Global
	GlobalSection(SolutionConfigurationPlatforms) = preSolution
		Debug|x86 = Debug|x86
		Release|x86 = Release|x86
	EndGlobalSection
	GlobalSection(ProjectConfigurationPlatforms) = postSolution
		{EBB9C35C-45C8-4F32-9391-4213752B34A0}.Debug|x86.ActiveCfg = Debug|x86
		{EBB9C35C-45C8-4F32-9391-4213752B34A0}.Debug|x86.Build.0 = Debug|x86
		{EBB9C35C-45C8-4F32-9391-4213752B34A0}.Release|x86.ActiveCfg = Release|x86
		{EBB9C35C-45C8-4F32-9391-4213752B34A0}.Release|x86.Build.0 = Release|x86
	EndGlobalSection
EndGlobal
